
Microsoft Visual Studio Solution File, Format Version 12.00
# Visual Studio Version 17
VisualStudioVersion = 17.14.36310.24
MinimumVisualStudioVersion = 10.0.40219.1
Project("{FAE04EC0-301F-11D3-BF4B-00C04F79EFBC}") = "ValidacaoExcecoes.WebApp", "ValidacaoExcecoes\ValidacaoExcecoes.WebApp.csproj", "{F7A97183-0118-4E1B-AC83-2FBE93248EE3}"
EndProject
Project("{FAE04EC0-301F-11D3-BF4B-00C04F79EFBC}") = "ValidacaoExececoes.Core", "ValidacaoExececoes.Core\ValidacaoExececoes.Core.csproj", "{7B3D0336-B0FE-46F1-9AF1-913FFB6A5A44}"
EndProject
Project("{FAE04EC0-301F-11D3-BF4B-00C04F79EFBC}") = "ValidacaoExcecoes.Infra", "ValidacaoExcecoes.Infra\ValidacaoExcecoes.Infra.csproj", "{321CF91A-10E1-45F5-BDD0-1DE2BC3AAD7B}"
EndProject
Project("{FAE04EC0-301F-11D3-BF4B-00C04F79EFBC}") = "ValidacaoExcecoes.Application", "ValidacaoExcecoes.Application\ValidacaoExcecoes.Application.csproj", "{9746811C-88E0-43D4-A836-899A0C334166}"
EndProject
Project("{FAE04EC0-301F-11D3-BF4B-00C04F79EFBC}") = "ValidacaoExcecoes.Test", "ValidacaoExcecoes.Test\ValidacaoExcecoes.Test.csproj", "{72802A77-7514-43E7-8A5A-02C8702DCC1E}"
EndProject
Global
	GlobalSection(SolutionConfigurationPlatforms) = preSolution
		Debug|Any CPU = Debug|Any CPU
		Release|Any CPU = Release|Any CPU
	EndGlobalSection
	GlobalSection(ProjectConfigurationPlatforms) = postSolution
		{F7A97183-0118-4E1B-AC83-2FBE93248EE3}.Debug|Any CPU.ActiveCfg = Debug|Any CPU
		{F7A97183-0118-4E1B-AC83-2FBE93248EE3}.Debug|Any CPU.Build.0 = Debug|Any CPU
		{F7A97183-0118-4E1B-AC83-2FBE93248EE3}.Release|Any CPU.ActiveCfg = Release|Any CPU
		{F7A97183-0118-4E1B-AC83-2FBE93248EE3}.Release|Any CPU.Build.0 = Release|Any CPU
		{7B3D0336-B0FE-46F1-9AF1-913FFB6A5A44}.Debug|Any CPU.ActiveCfg = Debug|Any CPU
		{7B3D0336-B0FE-46F1-9AF1-913FFB6A5A44}.Debug|Any CPU.Build.0 = Debug|Any CPU
		{7B3D0336-B0FE-46F1-9AF1-913FFB6A5A44}.Release|Any CPU.ActiveCfg = Release|Any CPU
		{7B3D0336-B0FE-46F1-9AF1-913FFB6A5A44}.Release|Any CPU.Build.0 = Release|Any CPU
		{321CF91A-10E1-45F5-BDD0-1DE2BC3AAD7B}.Debug|Any CPU.ActiveCfg = Debug|Any CPU
		{321CF91A-10E1-45F5-BDD0-1DE2BC3AAD7B}.Debug|Any CPU.Build.0 = Debug|Any CPU
		{321CF91A-10E1-45F5-BDD0-1DE2BC3AAD7B}.Release|Any CPU.ActiveCfg = Release|Any CPU
		{321CF91A-10E1-45F5-BDD0-1DE2BC3AAD7B}.Release|Any CPU.Build.0 = Release|Any CPU
		{9746811C-88E0-43D4-A836-899A0C334166}.Debug|Any CPU.ActiveCfg = Debug|Any CPU
		{9746811C-88E0-43D4-A836-899A0C334166}.Debug|Any CPU.Build.0 = Debug|Any CPU
		{9746811C-88E0-43D4-A836-899A0C334166}.Release|Any CPU.ActiveCfg = Release|Any CPU
		{9746811C-88E0-43D4-A836-899A0C334166}.Release|Any CPU.Build.0 = Release|Any CPU
		{72802A77-7514-43E7-8A5A-02C8702DCC1E}.Debug|Any CPU.ActiveCfg = Debug|Any CPU
		{72802A77-7514-43E7-8A5A-02C8702DCC1E}.Debug|Any CPU.Build.0 = Debug|Any CPU
		{72802A77-7514-43E7-8A5A-02C8702DCC1E}.Release|Any CPU.ActiveCfg = Release|Any CPU
		{72802A77-7514-43E7-8A5A-02C8702DCC1E}.Release|Any CPU.Build.0 = Release|Any CPU
	EndGlobalSection
	GlobalSection(SolutionProperties) = preSolution
		HideSolutionNode = FALSE
	EndGlobalSection
	GlobalSection(ExtensibilityGlobals) = postSolution
		SolutionGuid = {DEC93C51-A77A-4E46-AD4D-0256B1E49153}
	EndGlobalSection
EndGlobal
